
Microsoft Visual Studio Solution File, Format Version 12.00
# Visual Studio Version 16
VisualStudioVersion = 16.0.30523.141
MinimumVisualStudioVersion = 10.0.40219.1
Project("{2150E333-8FDC-42A3-9474-1A3956D46DE8}") = "src", "src", "{AFAA0841-BD93-466F-B8F4-FB4EEC86F1FC}"
EndProject
Project("{2150E333-8FDC-42A3-9474-1A3956D46DE8}") = "test", "test", "{F10AA149-2626-486E-85BB-9CD5365F3016}"
EndProject
Project("{9A19103F-16F7-4668-BE54-9A1E7A4F7556}") = "SE347.L11_HelloWork.Core", "src\SE347.L11_HelloWork.Core\SE347.L11_HelloWork.Core.csproj", "{0FA75A5B-AB83-4FD0-B545-279774C01E87}"
EndProject
Project("{9A19103F-16F7-4668-BE54-9A1E7A4F7556}") = "SE347.L11_HelloWork.Application", "src\SE347.L11_HelloWork.Application\SE347.L11_HelloWork.Application.csproj", "{3870C648-4AEA-4B85-BA3F-F2F63B96136A}"
EndProject
Project("{9A19103F-16F7-4668-BE54-9A1E7A4F7556}") = "SE347.L11_HelloWork.Tests", "test\SE347.L11_HelloWork.Tests\SE347.L11_HelloWork.Tests.csproj", "{0D4C5D00-C144-4213-A007-4B8944113AB1}"
EndProject
Project("{9A19103F-16F7-4668-BE54-9A1E7A4F7556}") = "SE347.L11_HelloWork.Migrator", "src\SE347.L11_HelloWork.Migrator\SE347.L11_HelloWork.Migrator.csproj", "{880B3591-E057-46FE-B525-10BD83828B93}"
EndProject
Project("{9A19103F-16F7-4668-BE54-9A1E7A4F7556}") = "SE347.L11_HelloWork.EntityFrameworkCore", "src\SE347.L11_HelloWork.EntityFrameworkCore\SE347.L11_HelloWork.EntityFrameworkCore.csproj", "{E0580562-F8F2-4EBB-B07A-ABFC6F2C314F}"
EndProject
Project("{2150E333-8FDC-42A3-9474-1A3956D46DE8}") = "group1", "group1", "{A14758A0-2717-44B3-B1ED-33DD4C964FE7}"
EndProject
Project("{9A19103F-16F7-4668-BE54-9A1E7A4F7556}") = "Group1.SE347.L11_HelloWork.Application", "src\group1\Group1.SE347.L11_HelloWork.Application\Group1.SE347.L11_HelloWork.Application.csproj", "{9E476059-093E-4E2F-A1DA-B16A9FC34945}"
EndProject
Project("{9A19103F-16F7-4668-BE54-9A1E7A4F7556}") = "Group1.SE347.L11_HelloWork.Web.Core", "src\group1\Group1.SE347.L11_HelloWork.Web.Core\Group1.SE347.L11_HelloWork.Web.Core.csproj", "{4F378AD5-569A-4CAF-AA27-25E36C9CDDD9}"
EndProject
Project("{2150E333-8FDC-42A3-9474-1A3956D46DE8}") = "group14", "group14", "{5E0C3375-B66E-4823-AAB5-1B1D233A2992}"
EndProject
Project("{9A19103F-16F7-4668-BE54-9A1E7A4F7556}") = "Group14.SE347.L11_HelloWork.Application", "src\group14\Group14.SE347.L11_HelloWork.Application\Group14.SE347.L11_HelloWork.Application.csproj", "{72EE6DFF-7972-4B63-A931-5B203CF25574}"
EndProject
Project("{9A19103F-16F7-4668-BE54-9A1E7A4F7556}") = "Group14.SE347.L11_HelloWork.Web.Core", "src\group14\Group14.SE347.L11_HelloWork.Web.Core\Group14.SE347.L11_HelloWork.Web.Core.csproj", "{0D596E81-8A52-4107-8210-613F95B04C01}"
EndProject
Project("{2150E333-8FDC-42A3-9474-1A3956D46DE8}") = "group5", "group5", "{609CDE32-8967-483C-A229-E6247C1052D3}"
EndProject
Project("{2150E333-8FDC-42A3-9474-1A3956D46DE8}") = "group10", "group10", "{11F8220F-D6DE-483E-B669-4467AED45716}"
EndProject
Project("{9A19103F-16F7-4668-BE54-9A1E7A4F7556}") = "Group10.SE347.L11_HelloWork.Application", "src\group10\Group10.SE347.L11_HelloWork.Application\Group10.SE347.L11_HelloWork.Application.csproj", "{C7DB4EFB-D44F-40BC-AFFE-FF0A3F713A90}"
EndProject
Project("{9A19103F-16F7-4668-BE54-9A1E7A4F7556}") = "Group10.SE347.L11_HelloWork.Web.Core", "src\group10\Group10.SE347.L11_HelloWork.Web.Core\Group10.SE347.L11_HelloWork.Web.Core.csproj", "{FCA5F6C7-91D3-43BB-8FBA-A279FA9DE947}"
EndProject
Project("{9A19103F-16F7-4668-BE54-9A1E7A4F7556}") = "Group5.SE347.L11_HelloWork.Application", "src\group5\Group5.SE347.L11_HelloWork.Application\Group5.SE347.L11_HelloWork.Application.csproj", "{CEBFF8FE-164B-42BA-AAAC-33657FB65C73}"
EndProject
Project("{9A19103F-16F7-4668-BE54-9A1E7A4F7556}") = "Group5.SE347.L11_HelloWork.Web.Core", "src\group5\Group5.SE347.L11_HelloWork.Web.Core\Group5.SE347.L11_HelloWork.Web.Core.csproj", "{4A58CC30-A3DD-45B0-9A1F-005A4D08F4F7}"
EndProject
Project("{2150E333-8FDC-42A3-9474-1A3956D46DE8}") = "group3", "group3", "{3673A9F7-1D7A-4799-81B0-3487E182EE16}"
EndProject
Project("{9A19103F-16F7-4668-BE54-9A1E7A4F7556}") = "Group3.SE347.L11_HelloWork.Application", "src\group3\Group3.SE347.L11_HelloWork.Application\Group3.SE347.L11_HelloWork.Application.csproj", "{5EBD32B2-0129-4121-BBFB-708B638877AD}"
EndProject
Project("{9A19103F-16F7-4668-BE54-9A1E7A4F7556}") = "Group3.SE347.L11_HelloWork.Web.Core", "src\group3\Group3.SE347.L11_HelloWork.Web.Core\Group3.SE347.L11_HelloWork.Web.Core.csproj", "{424D5522-F2E4-4D6B-8572-8767D3528410}"
EndProject
Project("{2150E333-8FDC-42A3-9474-1A3956D46DE8}") = "group9", "group9", "{0D1CDF22-6965-4113-8FA9-0800CECAC19C}"
EndProject
Project("{2150E333-8FDC-42A3-9474-1A3956D46DE8}") = "group6", "group6", "{58E5500F-234A-49AB-8D77-8B0713DFFA82}"
EndProject
Project("{9A19103F-16F7-4668-BE54-9A1E7A4F7556}") = "Group6.SE347.L11_HelloWork.Application", "src\group6\Group6.SE347.L11_HelloWork.Application\Group6.SE347.L11_HelloWork.Application.csproj", "{EC2BBFFF-88F2-40EF-BDDD-6C4ACF7FD381}"
EndProject
Project("{9A19103F-16F7-4668-BE54-9A1E7A4F7556}") = "Group6.SE347.L11_HelloWork.Web.Core", "src\group6\Group6.SE347.L11_HelloWork.Web.Core\Group6.SE347.L11_HelloWork.Web.Core.csproj", "{60D4187A-2B1E-4446-9A2D-AF2B9F08EC7B}"
EndProject
Project("{9A19103F-16F7-4668-BE54-9A1E7A4F7556}") = "Group9.SE347.L11_HelloWork.Application", "src\group9\Group9.SE347.L11_HelloWork.Application\Group9.SE347.L11_HelloWork.Application.csproj", "{BCA038AD-D490-483E-9C83-661FA4F1B189}"
EndProject
Project("{9A19103F-16F7-4668-BE54-9A1E7A4F7556}") = "Group9.SE347.L11_HelloWork.Web.Core", "src\group9\Group9.SE347.L11_HelloWork.Web.Core\Group9.SE347.L11_HelloWork.Web.Core.csproj", "{59F01663-8AE2-4250-AAA6-ECDB7F013785}"
EndProject
Project("{2150E333-8FDC-42A3-9474-1A3956D46DE8}") = "group12", "group12", "{23D02B39-8C2E-4D95-B9FC-1B32D425163F}"
EndProject
Project("{2150E333-8FDC-42A3-9474-1A3956D46DE8}") = "group4", "group4", "{E7A54F33-5464-4384-8D8C-E1AFC93378D8}"
EndProject
Project("{9A19103F-16F7-4668-BE54-9A1E7A4F7556}") = "Group12.SE347.L11_HelloWork.Application", "src\group12\Group12.SE347.L11_HelloWork.Application\Group12.SE347.L11_HelloWork.Application.csproj", "{712A9757-678D-439A-AED6-8550C5A81BAC}"
EndProject
Project("{9A19103F-16F7-4668-BE54-9A1E7A4F7556}") = "Group4.SE347.L11_HelloWork.Application", "src\group4\Group4.SE347.L11_HelloWork.Application\Group4.SE347.L11_HelloWork.Application.csproj", "{E2B615FC-A4D3-4EB7-BDFA-0A0B97FCD043}"
EndProject
Project("{9A19103F-16F7-4668-BE54-9A1E7A4F7556}") = "Group12.SE347.L11_HelloWork.Web.Core", "src\group12\Group12.SE347.L11_HelloWork.Web.Core\Group12.SE347.L11_HelloWork.Web.Core.csproj", "{B74990F1-61F9-40C0-BA2A-DF416B5F7337}"
EndProject
Project("{9A19103F-16F7-4668-BE54-9A1E7A4F7556}") = "Group4.SE347.L11_HelloWork.Web.Core", "src\group4\Group4.SE347.L11_HelloWork.Web.Core\Group4.SE347.L11_HelloWork.Web.Core.csproj", "{21F74133-158E-4212-8D3A-C4CD34A9BB8C}"
EndProject
Project("{2150E333-8FDC-42A3-9474-1A3956D46DE8}") = "group8", "group8", "{CFF14531-00E7-498D-8066-E3DF26818D06}"
EndProject
Project("{9A19103F-16F7-4668-BE54-9A1E7A4F7556}") = "Group8.SE347.L11_HelloWork.Application", "src\group8\Group8.SE347.L11_HelloWork.Application\Group8.SE347.L11_HelloWork.Application.csproj", "{985BD324-8533-4994-A94C-B1657AA8220A}"
EndProject
Project("{9A19103F-16F7-4668-BE54-9A1E7A4F7556}") = "Group8.SE347.L11_HelloWork.Web.Core", "src\group8\Group8.SE347.L11_HelloWork.Web.Core\Group8.SE347.L11_HelloWork.Web.Core.csproj", "{0EEAAEC9-E065-477A-AF6F-B0BECB97708B}"
EndProject
Project("{2150E333-8FDC-42A3-9474-1A3956D46DE8}") = "group7", "group7", "{77F8841E-93C0-487E-8F49-7AE65F81A66E}"
EndProject
Project("{9A19103F-16F7-4668-BE54-9A1E7A4F7556}") = "Group7.SE347.L11_HelloWork.Application", "src\group7\Group7.SE347.L11_HelloWork.Application\Group7.SE347.L11_HelloWork.Application.csproj", "{33A7ABB4-9A53-4FB8-87CB-E25417EE5EFD}"
EndProject
Project("{9A19103F-16F7-4668-BE54-9A1E7A4F7556}") = "Group7.SE347.L11_HelloWork.Web.Core", "src\group7\Group7.SE347.L11_HelloWork.Web.Core\Group7.SE347.L11_HelloWork.Web.Core.csproj", "{41E5018C-B10E-4CD6-A5CA-BBC440B1C23D}"
EndProject
Project("{9A19103F-16F7-4668-BE54-9A1E7A4F7556}") = "SE347.L11_HelloWork.Web.Host", "src\SE347.L11_HelloWork.Web.Host\SE347.L11_HelloWork.Web.Host.csproj", "{44A6A22B-5357-4CC3-8594-AF72C649207D}"
EndProject
Project("{9A19103F-16F7-4668-BE54-9A1E7A4F7556}") = "SE347.L11_HelloWork.Web.Core", "src\SE347.L11_HelloWork.Web.Core\SE347.L11_HelloWork.Web.Core.csproj", "{CAC928C5-9CAB-42B7-B46C-EF8284EAD23E}"
EndProject
Global
	GlobalSection(SolutionConfigurationPlatforms) = preSolution
		Debug|Any CPU = Debug|Any CPU
		Release|Any CPU = Release|Any CPU
	EndGlobalSection
	GlobalSection(ProjectConfigurationPlatforms) = postSolution
		{0FA75A5B-AB83-4FD0-B545-279774C01E87}.Debug|Any CPU.ActiveCfg = Debug|Any CPU
		{0FA75A5B-AB83-4FD0-B545-279774C01E87}.Debug|Any CPU.Build.0 = Debug|Any CPU
		{0FA75A5B-AB83-4FD0-B545-279774C01E87}.Release|Any CPU.ActiveCfg = Release|Any CPU
		{0FA75A5B-AB83-4FD0-B545-279774C01E87}.Release|Any CPU.Build.0 = Release|Any CPU
		{3870C648-4AEA-4B85-BA3F-F2F63B96136A}.Debug|Any CPU.ActiveCfg = Debug|Any CPU
		{3870C648-4AEA-4B85-BA3F-F2F63B96136A}.Debug|Any CPU.Build.0 = Debug|Any CPU
		{3870C648-4AEA-4B85-BA3F-F2F63B96136A}.Release|Any CPU.ActiveCfg = Release|Any CPU
		{3870C648-4AEA-4B85-BA3F-F2F63B96136A}.Release|Any CPU.Build.0 = Release|Any CPU
		{0D4C5D00-C144-4213-A007-4B8944113AB1}.Debug|Any CPU.ActiveCfg = Debug|Any CPU
		{0D4C5D00-C144-4213-A007-4B8944113AB1}.Debug|Any CPU.Build.0 = Debug|Any CPU
		{0D4C5D00-C144-4213-A007-4B8944113AB1}.Release|Any CPU.ActiveCfg = Release|Any CPU
		{0D4C5D00-C144-4213-A007-4B8944113AB1}.Release|Any CPU.Build.0 = Release|Any CPU
		{880B3591-E057-46FE-B525-10BD83828B93}.Debug|Any CPU.ActiveCfg = Debug|Any CPU
		{880B3591-E057-46FE-B525-10BD83828B93}.Debug|Any CPU.Build.0 = Debug|Any CPU
		{880B3591-E057-46FE-B525-10BD83828B93}.Release|Any CPU.ActiveCfg = Release|Any CPU
		{880B3591-E057-46FE-B525-10BD83828B93}.Release|Any CPU.Build.0 = Release|Any CPU
		{E0580562-F8F2-4EBB-B07A-ABFC6F2C314F}.Debug|Any CPU.ActiveCfg = Debug|Any CPU
		{E0580562-F8F2-4EBB-B07A-ABFC6F2C314F}.Debug|Any CPU.Build.0 = Debug|Any CPU
		{E0580562-F8F2-4EBB-B07A-ABFC6F2C314F}.Release|Any CPU.ActiveCfg = Release|Any CPU
		{E0580562-F8F2-4EBB-B07A-ABFC6F2C314F}.Release|Any CPU.Build.0 = Release|Any CPU
		{9E476059-093E-4E2F-A1DA-B16A9FC34945}.Debug|Any CPU.ActiveCfg = Debug|Any CPU
		{9E476059-093E-4E2F-A1DA-B16A9FC34945}.Debug|Any CPU.Build.0 = Debug|Any CPU
		{9E476059-093E-4E2F-A1DA-B16A9FC34945}.Release|Any CPU.ActiveCfg = Release|Any CPU
		{9E476059-093E-4E2F-A1DA-B16A9FC34945}.Release|Any CPU.Build.0 = Release|Any CPU
		{4F378AD5-569A-4CAF-AA27-25E36C9CDDD9}.Debug|Any CPU.ActiveCfg = Debug|Any CPU
		{4F378AD5-569A-4CAF-AA27-25E36C9CDDD9}.Debug|Any CPU.Build.0 = Debug|Any CPU
		{4F378AD5-569A-4CAF-AA27-25E36C9CDDD9}.Release|Any CPU.ActiveCfg = Release|Any CPU
		{4F378AD5-569A-4CAF-AA27-25E36C9CDDD9}.Release|Any CPU.Build.0 = Release|Any CPU
		{72EE6DFF-7972-4B63-A931-5B203CF25574}.Debug|Any CPU.ActiveCfg = Debug|Any CPU
		{72EE6DFF-7972-4B63-A931-5B203CF25574}.Debug|Any CPU.Build.0 = Debug|Any CPU
		{72EE6DFF-7972-4B63-A931-5B203CF25574}.Release|Any CPU.ActiveCfg = Release|Any CPU
		{72EE6DFF-7972-4B63-A931-5B203CF25574}.Release|Any CPU.Build.0 = Release|Any CPU
		{0D596E81-8A52-4107-8210-613F95B04C01}.Debug|Any CPU.ActiveCfg = Debug|Any CPU
		{0D596E81-8A52-4107-8210-613F95B04C01}.Debug|Any CPU.Build.0 = Debug|Any CPU
		{0D596E81-8A52-4107-8210-613F95B04C01}.Release|Any CPU.ActiveCfg = Release|Any CPU
		{0D596E81-8A52-4107-8210-613F95B04C01}.Release|Any CPU.Build.0 = Release|Any CPU
		{C7DB4EFB-D44F-40BC-AFFE-FF0A3F713A90}.Debug|Any CPU.ActiveCfg = Debug|Any CPU
		{C7DB4EFB-D44F-40BC-AFFE-FF0A3F713A90}.Debug|Any CPU.Build.0 = Debug|Any CPU
		{C7DB4EFB-D44F-40BC-AFFE-FF0A3F713A90}.Release|Any CPU.ActiveCfg = Release|Any CPU
		{C7DB4EFB-D44F-40BC-AFFE-FF0A3F713A90}.Release|Any CPU.Build.0 = Release|Any CPU
		{FCA5F6C7-91D3-43BB-8FBA-A279FA9DE947}.Debug|Any CPU.ActiveCfg = Debug|Any CPU
		{FCA5F6C7-91D3-43BB-8FBA-A279FA9DE947}.Debug|Any CPU.Build.0 = Debug|Any CPU
		{FCA5F6C7-91D3-43BB-8FBA-A279FA9DE947}.Release|Any CPU.ActiveCfg = Release|Any CPU
		{FCA5F6C7-91D3-43BB-8FBA-A279FA9DE947}.Release|Any CPU.Build.0 = Release|Any CPU
		{CEBFF8FE-164B-42BA-AAAC-33657FB65C73}.Debug|Any CPU.ActiveCfg = Debug|Any CPU
		{CEBFF8FE-164B-42BA-AAAC-33657FB65C73}.Debug|Any CPU.Build.0 = Debug|Any CPU
		{CEBFF8FE-164B-42BA-AAAC-33657FB65C73}.Release|Any CPU.ActiveCfg = Release|Any CPU
		{CEBFF8FE-164B-42BA-AAAC-33657FB65C73}.Release|Any CPU.Build.0 = Release|Any CPU
		{4A58CC30-A3DD-45B0-9A1F-005A4D08F4F7}.Debug|Any CPU.ActiveCfg = Debug|Any CPU
		{4A58CC30-A3DD-45B0-9A1F-005A4D08F4F7}.Debug|Any CPU.Build.0 = Debug|Any CPU
		{4A58CC30-A3DD-45B0-9A1F-005A4D08F4F7}.Release|Any CPU.ActiveCfg = Release|Any CPU
		{4A58CC30-A3DD-45B0-9A1F-005A4D08F4F7}.Release|Any CPU.Build.0 = Release|Any CPU
		{5EBD32B2-0129-4121-BBFB-708B638877AD}.Debug|Any CPU.ActiveCfg = Debug|Any CPU
		{5EBD32B2-0129-4121-BBFB-708B638877AD}.Debug|Any CPU.Build.0 = Debug|Any CPU
		{5EBD32B2-0129-4121-BBFB-708B638877AD}.Release|Any CPU.ActiveCfg = Release|Any CPU
		{5EBD32B2-0129-4121-BBFB-708B638877AD}.Release|Any CPU.Build.0 = Release|Any CPU
		{424D5522-F2E4-4D6B-8572-8767D3528410}.Debug|Any CPU.ActiveCfg = Debug|Any CPU
		{424D5522-F2E4-4D6B-8572-8767D3528410}.Debug|Any CPU.Build.0 = Debug|Any CPU
		{424D5522-F2E4-4D6B-8572-8767D3528410}.Release|Any CPU.ActiveCfg = Release|Any CPU
		{424D5522-F2E4-4D6B-8572-8767D3528410}.Release|Any CPU.Build.0 = Release|Any CPU
		{EC2BBFFF-88F2-40EF-BDDD-6C4ACF7FD381}.Debug|Any CPU.ActiveCfg = Debug|Any CPU
		{EC2BBFFF-88F2-40EF-BDDD-6C4ACF7FD381}.Debug|Any CPU.Build.0 = Debug|Any CPU
		{EC2BBFFF-88F2-40EF-BDDD-6C4ACF7FD381}.Release|Any CPU.ActiveCfg = Release|Any CPU
		{EC2BBFFF-88F2-40EF-BDDD-6C4ACF7FD381}.Release|Any CPU.Build.0 = Release|Any CPU
		{60D4187A-2B1E-4446-9A2D-AF2B9F08EC7B}.Debug|Any CPU.ActiveCfg = Debug|Any CPU
		{60D4187A-2B1E-4446-9A2D-AF2B9F08EC7B}.Debug|Any CPU.Build.0 = Debug|Any CPU
		{60D4187A-2B1E-4446-9A2D-AF2B9F08EC7B}.Release|Any CPU.ActiveCfg = Release|Any CPU
		{60D4187A-2B1E-4446-9A2D-AF2B9F08EC7B}.Release|Any CPU.Build.0 = Release|Any CPU
		{BCA038AD-D490-483E-9C83-661FA4F1B189}.Debug|Any CPU.ActiveCfg = Debug|Any CPU
		{BCA038AD-D490-483E-9C83-661FA4F1B189}.Debug|Any CPU.Build.0 = Debug|Any CPU
		{BCA038AD-D490-483E-9C83-661FA4F1B189}.Release|Any CPU.ActiveCfg = Release|Any CPU
		{BCA038AD-D490-483E-9C83-661FA4F1B189}.Release|Any CPU.Build.0 = Release|Any CPU
		{59F01663-8AE2-4250-AAA6-ECDB7F013785}.Debug|Any CPU.ActiveCfg = Debug|Any CPU
		{59F01663-8AE2-4250-AAA6-ECDB7F013785}.Debug|Any CPU.Build.0 = Debug|Any CPU
		{59F01663-8AE2-4250-AAA6-ECDB7F013785}.Release|Any CPU.ActiveCfg = Release|Any CPU
		{59F01663-8AE2-4250-AAA6-ECDB7F013785}.Release|Any CPU.Build.0 = Release|Any CPU
		{712A9757-678D-439A-AED6-8550C5A81BAC}.Debug|Any CPU.ActiveCfg = Debug|Any CPU
		{712A9757-678D-439A-AED6-8550C5A81BAC}.Debug|Any CPU.Build.0 = Debug|Any CPU
		{712A9757-678D-439A-AED6-8550C5A81BAC}.Release|Any CPU.ActiveCfg = Release|Any CPU
		{712A9757-678D-439A-AED6-8550C5A81BAC}.Release|Any CPU.Build.0 = Release|Any CPU
		{E2B615FC-A4D3-4EB7-BDFA-0A0B97FCD043}.Debug|Any CPU.ActiveCfg = Debug|Any CPU
		{E2B615FC-A4D3-4EB7-BDFA-0A0B97FCD043}.Debug|Any CPU.Build.0 = Debug|Any CPU
		{E2B615FC-A4D3-4EB7-BDFA-0A0B97FCD043}.Release|Any CPU.ActiveCfg = Release|Any CPU
		{E2B615FC-A4D3-4EB7-BDFA-0A0B97FCD043}.Release|Any CPU.Build.0 = Release|Any CPU
		{B74990F1-61F9-40C0-BA2A-DF416B5F7337}.Debug|Any CPU.ActiveCfg = Debug|Any CPU
		{B74990F1-61F9-40C0-BA2A-DF416B5F7337}.Debug|Any CPU.Build.0 = Debug|Any CPU
		{B74990F1-61F9-40C0-BA2A-DF416B5F7337}.Release|Any CPU.ActiveCfg = Release|Any CPU
		{B74990F1-61F9-40C0-BA2A-DF416B5F7337}.Release|Any CPU.Build.0 = Release|Any CPU
		{21F74133-158E-4212-8D3A-C4CD34A9BB8C}.Debug|Any CPU.ActiveCfg = Debug|Any CPU
		{21F74133-158E-4212-8D3A-C4CD34A9BB8C}.Debug|Any CPU.Build.0 = Debug|Any CPU
		{21F74133-158E-4212-8D3A-C4CD34A9BB8C}.Release|Any CPU.ActiveCfg = Release|Any CPU
		{21F74133-158E-4212-8D3A-C4CD34A9BB8C}.Release|Any CPU.Build.0 = Release|Any CPU
		{985BD324-8533-4994-A94C-B1657AA8220A}.Debug|Any CPU.ActiveCfg = Debug|Any CPU
		{985BD324-8533-4994-A94C-B1657AA8220A}.Debug|Any CPU.Build.0 = Debug|Any CPU
		{985BD324-8533-4994-A94C-B1657AA8220A}.Release|Any CPU.ActiveCfg = Release|Any CPU
		{985BD324-8533-4994-A94C-B1657AA8220A}.Release|Any CPU.Build.0 = Release|Any CPU
		{0EEAAEC9-E065-477A-AF6F-B0BECB97708B}.Debug|Any CPU.ActiveCfg = Debug|Any CPU
		{0EEAAEC9-E065-477A-AF6F-B0BECB97708B}.Debug|Any CPU.Build.0 = Debug|Any CPU
		{0EEAAEC9-E065-477A-AF6F-B0BECB97708B}.Release|Any CPU.ActiveCfg = Release|Any CPU
		{0EEAAEC9-E065-477A-AF6F-B0BECB97708B}.Release|Any CPU.Build.0 = Release|Any CPU
		{33A7ABB4-9A53-4FB8-87CB-E25417EE5EFD}.Debug|Any CPU.ActiveCfg = Debug|Any CPU
		{33A7ABB4-9A53-4FB8-87CB-E25417EE5EFD}.Debug|Any CPU.Build.0 = Debug|Any CPU
		{33A7ABB4-9A53-4FB8-87CB-E25417EE5EFD}.Release|Any CPU.ActiveCfg = Release|Any CPU
		{33A7ABB4-9A53-4FB8-87CB-E25417EE5EFD}.Release|Any CPU.Build.0 = Release|Any CPU
		{41E5018C-B10E-4CD6-A5CA-BBC440B1C23D}.Debug|Any CPU.ActiveCfg = Debug|Any CPU
		{41E5018C-B10E-4CD6-A5CA-BBC440B1C23D}.Debug|Any CPU.Build.0 = Debug|Any CPU
		{41E5018C-B10E-4CD6-A5CA-BBC440B1C23D}.Release|Any CPU.ActiveCfg = Release|Any CPU
		{41E5018C-B10E-4CD6-A5CA-BBC440B1C23D}.Release|Any CPU.Build.0 = Release|Any CPU
		{44A6A22B-5357-4CC3-8594-AF72C649207D}.Debug|Any CPU.ActiveCfg = Debug|Any CPU
		{44A6A22B-5357-4CC3-8594-AF72C649207D}.Debug|Any CPU.Build.0 = Debug|Any CPU
		{44A6A22B-5357-4CC3-8594-AF72C649207D}.Release|Any CPU.ActiveCfg = Release|Any CPU
		{44A6A22B-5357-4CC3-8594-AF72C649207D}.Release|Any CPU.Build.0 = Release|Any CPU
		{CAC928C5-9CAB-42B7-B46C-EF8284EAD23E}.Debug|Any CPU.ActiveCfg = Debug|Any CPU
		{CAC928C5-9CAB-42B7-B46C-EF8284EAD23E}.Debug|Any CPU.Build.0 = Debug|Any CPU
		{CAC928C5-9CAB-42B7-B46C-EF8284EAD23E}.Release|Any CPU.ActiveCfg = Release|Any CPU
		{CAC928C5-9CAB-42B7-B46C-EF8284EAD23E}.Release|Any CPU.Build.0 = Release|Any CPU
	EndGlobalSection
	GlobalSection(SolutionProperties) = preSolution
		HideSolutionNode = FALSE
	EndGlobalSection
	GlobalSection(NestedProjects) = preSolution
		{0FA75A5B-AB83-4FD0-B545-279774C01E87} = {AFAA0841-BD93-466F-B8F4-FB4EEC86F1FC}
		{3870C648-4AEA-4B85-BA3F-F2F63B96136A} = {AFAA0841-BD93-466F-B8F4-FB4EEC86F1FC}
		{0D4C5D00-C144-4213-A007-4B8944113AB1} = {F10AA149-2626-486E-85BB-9CD5365F3016}
		{880B3591-E057-46FE-B525-10BD83828B93} = {AFAA0841-BD93-466F-B8F4-FB4EEC86F1FC}
		{E0580562-F8F2-4EBB-B07A-ABFC6F2C314F} = {AFAA0841-BD93-466F-B8F4-FB4EEC86F1FC}
		{A14758A0-2717-44B3-B1ED-33DD4C964FE7} = {AFAA0841-BD93-466F-B8F4-FB4EEC86F1FC}
		{9E476059-093E-4E2F-A1DA-B16A9FC34945} = {A14758A0-2717-44B3-B1ED-33DD4C964FE7}
		{4F378AD5-569A-4CAF-AA27-25E36C9CDDD9} = {A14758A0-2717-44B3-B1ED-33DD4C964FE7}
		{5E0C3375-B66E-4823-AAB5-1B1D233A2992} = {AFAA0841-BD93-466F-B8F4-FB4EEC86F1FC}
		{72EE6DFF-7972-4B63-A931-5B203CF25574} = {5E0C3375-B66E-4823-AAB5-1B1D233A2992}
		{0D596E81-8A52-4107-8210-613F95B04C01} = {5E0C3375-B66E-4823-AAB5-1B1D233A2992}
		{609CDE32-8967-483C-A229-E6247C1052D3} = {AFAA0841-BD93-466F-B8F4-FB4EEC86F1FC}
		{11F8220F-D6DE-483E-B669-4467AED45716} = {AFAA0841-BD93-466F-B8F4-FB4EEC86F1FC}
		{C7DB4EFB-D44F-40BC-AFFE-FF0A3F713A90} = {11F8220F-D6DE-483E-B669-4467AED45716}
		{FCA5F6C7-91D3-43BB-8FBA-A279FA9DE947} = {11F8220F-D6DE-483E-B669-4467AED45716}
		{CEBFF8FE-164B-42BA-AAAC-33657FB65C73} = {609CDE32-8967-483C-A229-E6247C1052D3}
		{4A58CC30-A3DD-45B0-9A1F-005A4D08F4F7} = {609CDE32-8967-483C-A229-E6247C1052D3}
		{3673A9F7-1D7A-4799-81B0-3487E182EE16} = {AFAA0841-BD93-466F-B8F4-FB4EEC86F1FC}
		{5EBD32B2-0129-4121-BBFB-708B638877AD} = {3673A9F7-1D7A-4799-81B0-3487E182EE16}
		{424D5522-F2E4-4D6B-8572-8767D3528410} = {3673A9F7-1D7A-4799-81B0-3487E182EE16}
		{0D1CDF22-6965-4113-8FA9-0800CECAC19C} = {AFAA0841-BD93-466F-B8F4-FB4EEC86F1FC}
		{58E5500F-234A-49AB-8D77-8B0713DFFA82} = {AFAA0841-BD93-466F-B8F4-FB4EEC86F1FC}
		{EC2BBFFF-88F2-40EF-BDDD-6C4ACF7FD381} = {58E5500F-234A-49AB-8D77-8B0713DFFA82}
		{60D4187A-2B1E-4446-9A2D-AF2B9F08EC7B} = {58E5500F-234A-49AB-8D77-8B0713DFFA82}
		{BCA038AD-D490-483E-9C83-661FA4F1B189} = {0D1CDF22-6965-4113-8FA9-0800CECAC19C}
		{59F01663-8AE2-4250-AAA6-ECDB7F013785} = {0D1CDF22-6965-4113-8FA9-0800CECAC19C}
		{23D02B39-8C2E-4D95-B9FC-1B32D425163F} = {AFAA0841-BD93-466F-B8F4-FB4EEC86F1FC}
		{E7A54F33-5464-4384-8D8C-E1AFC93378D8} = {AFAA0841-BD93-466F-B8F4-FB4EEC86F1FC}
		{712A9757-678D-439A-AED6-8550C5A81BAC} = {23D02B39-8C2E-4D95-B9FC-1B32D425163F}
		{E2B615FC-A4D3-4EB7-BDFA-0A0B97FCD043} = {E7A54F33-5464-4384-8D8C-E1AFC93378D8}
		{B74990F1-61F9-40C0-BA2A-DF416B5F7337} = {23D02B39-8C2E-4D95-B9FC-1B32D425163F}
		{21F74133-158E-4212-8D3A-C4CD34A9BB8C} = {E7A54F33-5464-4384-8D8C-E1AFC93378D8}
		{CFF14531-00E7-498D-8066-E3DF26818D06} = {AFAA0841-BD93-466F-B8F4-FB4EEC86F1FC}
		{985BD324-8533-4994-A94C-B1657AA8220A} = {CFF14531-00E7-498D-8066-E3DF26818D06}
		{0EEAAEC9-E065-477A-AF6F-B0BECB97708B} = {CFF14531-00E7-498D-8066-E3DF26818D06}
		{77F8841E-93C0-487E-8F49-7AE65F81A66E} = {AFAA0841-BD93-466F-B8F4-FB4EEC86F1FC}
		{33A7ABB4-9A53-4FB8-87CB-E25417EE5EFD} = {77F8841E-93C0-487E-8F49-7AE65F81A66E}
		{41E5018C-B10E-4CD6-A5CA-BBC440B1C23D} = {77F8841E-93C0-487E-8F49-7AE65F81A66E}
		{44A6A22B-5357-4CC3-8594-AF72C649207D} = {AFAA0841-BD93-466F-B8F4-FB4EEC86F1FC}
		{CAC928C5-9CAB-42B7-B46C-EF8284EAD23E} = {AFAA0841-BD93-466F-B8F4-FB4EEC86F1FC}
	EndGlobalSection
	GlobalSection(ExtensibilityGlobals) = postSolution
		SolutionGuid = {976DC22D-F59F-4268-908F-035B75E8C396}
	EndGlobalSection
EndGlobal
